{
  "requires": true,
  "lockfileVersion": 1,
  "dependencies": {
    "dateformat": {
      "version": "5.0.1",
      "resolved": "https://registry.npmjs.org/dateformat/-/dateformat-5.0.1.tgz",
      "integrity": "sha512-DrcKxOW2am3mtqoJwBTK3OlWcF0QSk1p8diEWwpu3Mf//VdURD7XVaeOV738JvcaBiFfm9o2fisoMhiJH0aYxg=="
    }
  }
}
